{
  "name": "my-function",
  "version": "1.0.0",
  "lockfileVersion": 2,
  "requires": true,
  "packages": {
    "": {
      "version": "1.0.0",
      "license": "ISC",
      "dependencies": {
        "my-function": "github:santhoshkumarravi63/my-function"
      }
    },
    "node_modules/my-function": {
      "version": "1.0.0",
      "resolved": "git+ssh://git@github.com/santhoshkumarravi63/my-function.git#71cb1f609feb4b853ec2b9a84d6225716166f593",
      "license": "ISC"
    }
  },
  "dependencies": {
    "my-function": {
      "version": "git+ssh://git@github.com/santhoshkumarravi63/my-function.git#71cb1f609feb4b853ec2b9a84d6225716166f593",
      "from": "my-function@github:santhoshkumarravi63/my-function"
    }
  }
}
